{
  "version": 4,
  "terraform_version": "1.2.7",
  "serial": 3,
  "lineage": "dd2e771d-c704-5f04-f30e-23c9f5bc90ca",
  "outputs": {
    "storage_account_connection_string": {
      "value": "DefaultEndpointsProtocol=https;AccountName=tdavisstorage;AccountKey=vk1uliZKVsAnsRpS1JeN1kFPsI37Dm4orsG4G9jpzf//NYowyXA6PF9QEhkdUWj4QFGKgfFdoPtG+AStnhNpaQ==;EndpointSuffix=core.windows.net",
      "type": "string",
      "sensitive": true
    },
    "storage_container_name": {
      "value": "tdavistestcontainer",
      "type": "string"
    }
  },
  "resources": [
    {
      "mode": "data",
      "type": "azurerm_resource_group",
      "name": "example",
      "provider": "provider[\"registry.terraform.io/hashicorp/azurerm\"]",
      "instances": [
        {
          "schema_version": 0,
          "attributes": {
            "id": "/subscriptions/f071dfb2-8ec1-4527-a384-2f4939ce0113/resourceGroups/tjd399-rg",
            "location": "eastus2",
            "name": "tjd399-rg",
            "tags": {
              "Application": "Shared Cloud Services",
              "CostCenter": "D100-84IM64",
              "Department": "Cloud Operations",
              "Division": "Corp",
              "Environment": "NonProd",
              "Owner": "Mike Conrad | mike.conrad@sherwin.com",
              "Program": "Cloud Readiness Azure",
              "Project": "Cloud Readiness Azure",
              "Team": "Cloud Operations"
            },
            "timeouts": null
          },
          "sensitive_attributes": []
        }
      ]
    },
    {
      "mode": "managed",
      "type": "azurerm_storage_account",
      "name": "example",
      "provider": "provider[\"registry.terraform.io/hashicorp/azurerm\"]",
      "instances": [
        {
          "schema_version": 3,
          "attributes": {
            "access_tier": "Hot",
            "account_kind": "StorageV2",
            "account_replication_type": "ZRS",
            "account_tier": "Standard",
            "allow_nested_items_to_be_public": true,
            "allowed_copy_scope": "",
            "azure_files_authentication": [],
            "blob_properties": [
              {
                "change_feed_enabled": false,
                "change_feed_retention_in_days": 0,
                "container_delete_retention_policy": [],
                "cors_rule": [],
                "default_service_version": "",
                "delete_retention_policy": [],
                "last_access_time_enabled": false,
                "restore_policy": [],
                "versioning_enabled": false
              }
            ],
            "cross_tenant_replication_enabled": true,
            "custom_domain": [],
            "customer_managed_key": [],
            "default_to_oauth_authentication": false,
            "edge_zone": "",
            "enable_https_traffic_only": true,
            "id": "/subscriptions/f071dfb2-8ec1-4527-a384-2f4939ce0113/resourceGroups/tjd399-rg/providers/Microsoft.Storage/storageAccounts/tdavisstorage",
            "identity": [],
            "immutability_policy": [],
            "infrastructure_encryption_enabled": false,
            "is_hns_enabled": false,
            "large_file_share_enabled": null,
            "location": "eastus2",
            "min_tls_version": "TLS1_2",
            "name": "tdavisstorage",
            "network_rules": [
              {
                "bypass": [
                  "AzureServices"
                ],
                "default_action": "Allow",
                "ip_rules": [],
                "private_link_access": [],
                "virtual_network_subnet_ids": []
              }
            ],
            "nfsv3_enabled": false,
            "primary_access_key": "vk1uliZKVsAnsRpS1JeN1kFPsI37Dm4orsG4G9jpzf//NYowyXA6PF9QEhkdUWj4QFGKgfFdoPtG+AStnhNpaQ==",
            "primary_blob_connection_string": "DefaultEndpointsProtocol=https;BlobEndpoint=https://tdavisstorage.blob.core.windows.net/;AccountName=tdavisstorage;AccountKey=vk1uliZKVsAnsRpS1JeN1kFPsI37Dm4orsG4G9jpzf//NYowyXA6PF9QEhkdUWj4QFGKgfFdoPtG+AStnhNpaQ==",
            "primary_blob_endpoint": "https://tdavisstorage.blob.core.windows.net/",
            "primary_blob_host": "tdavisstorage.blob.core.windows.net",
            "primary_connection_string": "DefaultEndpointsProtocol=https;AccountName=tdavisstorage;AccountKey=vk1uliZKVsAnsRpS1JeN1kFPsI37Dm4orsG4G9jpzf//NYowyXA6PF9QEhkdUWj4QFGKgfFdoPtG+AStnhNpaQ==;EndpointSuffix=core.windows.net",
            "primary_dfs_endpoint": "https://tdavisstorage.dfs.core.windows.net/",
            "primary_dfs_host": "tdavisstorage.dfs.core.windows.net",
            "primary_file_endpoint": "https://tdavisstorage.file.core.windows.net/",
            "primary_file_host": "tdavisstorage.file.core.windows.net",
            "primary_location": "eastus2",
            "primary_queue_endpoint": "https://tdavisstorage.queue.core.windows.net/",
            "primary_queue_host": "tdavisstorage.queue.core.windows.net",
            "primary_table_endpoint": "https://tdavisstorage.table.core.windows.net/",
            "primary_table_host": "tdavisstorage.table.core.windows.net",
            "primary_web_endpoint": "https://tdavisstorage.z20.web.core.windows.net/",
            "primary_web_host": "tdavisstorage.z20.web.core.windows.net",
            "public_network_access_enabled": true,
            "queue_encryption_key_type": "Service",
            "queue_properties": [
              {
                "cors_rule": [],
                "hour_metrics": [
                  {
                    "enabled": true,
                    "include_apis": true,
                    "retention_policy_days": 7,
                    "version": "1.0"
                  }
                ],
                "logging": [
                  {
                    "delete": false,
                    "read": false,
                    "retention_policy_days": 0,
                    "version": "1.0",
                    "write": false
                  }
                ],
                "minute_metrics": [
                  {
                    "enabled": false,
                    "include_apis": false,
                    "retention_policy_days": 0,
                    "version": "1.0"
                  }
                ]
              }
            ],
            "resource_group_name": "tjd399-rg",
            "routing": [],
            "sas_policy": [],
            "secondary_access_key": "XhIzy610YP4ljc00kN8kbPlGqRj0SDjrTAv0cZZ7czlZ3vdF7X+hp98cEAzJ75z4bIP/nSjZZLpo+AStrYkuuQ==",
            "secondary_blob_connection_string": "",
            "secondary_blob_endpoint": null,
            "secondary_blob_host": null,
            "secondary_connection_string": "DefaultEndpointsProtocol=https;AccountName=tdavisstorage;AccountKey=XhIzy610YP4ljc00kN8kbPlGqRj0SDjrTAv0cZZ7czlZ3vdF7X+hp98cEAzJ75z4bIP/nSjZZLpo+AStrYkuuQ==;EndpointSuffix=core.windows.net",
            "secondary_dfs_endpoint": null,
            "secondary_dfs_host": null,
            "secondary_file_endpoint": null,
            "secondary_file_host": null,
            "secondary_location": "",
            "secondary_queue_endpoint": null,
            "secondary_queue_host": null,
            "secondary_table_endpoint": null,
            "secondary_table_host": null,
            "secondary_web_endpoint": null,
            "secondary_web_host": null,
            "sftp_enabled": false,
            "share_properties": [
              {
                "cors_rule": [],
                "retention_policy": [
                  {
                    "days": 7
                  }
                ],
                "smb": []
              }
            ],
            "shared_access_key_enabled": true,
            "static_website": [],
            "table_encryption_key_type": "Service",
            "tags": {
              "Application": "Shared Cloud Services",
              "CostCenter": "D100-84IM64",
              "Department": "Cloud Operations",
              "Division": "Corp",
              "Owner": "Mike Conrad | mike.conrad@sherwin.com",
              "Program": "Cloud Readiness Azure",
              "Project": "Cloud Readiness Azure",
              "Team": "Cloud Operations",
              "environment": "dev"
            },
            "timeouts": null
          },
          "sensitive_attributes": [],
          "private": "eyJlMmJmYjczMC1lY2FhLTExZTYtOGY4OC0zNDM2M2JjN2M0YzAiOnsiY3JlYXRlIjozNjAwMDAwMDAwMDAwLCJkZWxldGUiOjM2MDAwMDAwMDAwMDAsInJlYWQiOjMwMDAwMDAwMDAwMCwidXBkYXRlIjozNjAwMDAwMDAwMDAwfSwic2NoZW1hX3ZlcnNpb24iOiIzIn0=",
          "dependencies": [
            "data.azurerm_resource_group.example"
          ]
        }
      ]
    },
    {
      "mode": "managed",
      "type": "azurerm_storage_container",
      "name": "storage_container",
      "provider": "provider[\"registry.terraform.io/hashicorp/azurerm\"]",
      "instances": [
        {
          "schema_version": 1,
          "attributes": {
            "container_access_type": "private",
            "has_immutability_policy": false,
            "has_legal_hold": false,
            "id": "https://tdavisstorage.blob.core.windows.net/tdavistestcontainer",
            "metadata": {},
            "name": "tdavistestcontainer",
            "resource_manager_id": "/subscriptions/f071dfb2-8ec1-4527-a384-2f4939ce0113/resourceGroups/tjd399-rg/providers/Microsoft.Storage/storageAccounts/tdavisstorage/blobServices/default/containers/tdavistestcontainer",
            "storage_account_name": "tdavisstorage",
            "timeouts": null
          },
          "sensitive_attributes": [],
          "private": "eyJlMmJmYjczMC1lY2FhLTExZTYtOGY4OC0zNDM2M2JjN2M0YzAiOnsiY3JlYXRlIjoxODAwMDAwMDAwMDAwLCJkZWxldGUiOjE4MDAwMDAwMDAwMDAsInJlYWQiOjMwMDAwMDAwMDAwMCwidXBkYXRlIjoxODAwMDAwMDAwMDAwfSwic2NoZW1hX3ZlcnNpb24iOiIxIn0=",
          "dependencies": [
            "azurerm_storage_account.example",
            "data.azurerm_resource_group.example"
          ]
        }
      ]
    }
  ]
}
